
Microsoft Visual Studio Solution File, Format Version 12.00
# Visual Studio Version 17
VisualStudioVersion = 17.11.35208.52
MinimumVisualStudioVersion = 10.0.40219.1
Project("{9A19103F-16F7-4668-BE54-9A1E7A4F7556}") = "AspDotNetMVC", "AspDotNetMVC.csproj", "{A68D0707-75D0-499A-BEC5-4ADC4113135D}"
EndProject
Global
	GlobalSection(SolutionConfigurationPlatforms) = preSolution
		Debug|Any CPU = Debug|Any CPU
		Release|Any CPU = Release|Any CPU
	EndGlobalSection
	GlobalSection(ProjectConfigurationPlatforms) = postSolution
		{A68D0707-75D0-499A-BEC5-4ADC4113135D}.Debug|Any CPU.ActiveCfg = Debug|Any CPU
		{A68D0707-75D0-499A-BEC5-4ADC4113135D}.Debug|Any CPU.Build.0 = Debug|Any CPU
		{A68D0707-75D0-499A-BEC5-4ADC4113135D}.Release|Any CPU.ActiveCfg = Release|Any CPU
		{A68D0707-75D0-499A-BEC5-4ADC4113135D}.Release|Any CPU.Build.0 = Release|Any CPU
	EndGlobalSection
	GlobalSection(SolutionProperties) = preSolution
		HideSolutionNode = FALSE
	EndGlobalSection
	GlobalSection(ExtensibilityGlobals) = postSolution
		SolutionGuid = {D7EF3ECA-EA7D-44BF-86C8-968DE13B9D24}
	EndGlobalSection
EndGlobal
